
Microsoft Visual Studio Solution File, Format Version 12.00
# Visual Studio 15
VisualStudioVersion = 15.0.26730.15
MinimumVisualStudioVersion = 10.0.40219.1
Project("{FAE04EC0-301F-11D3-BF4B-00C04F79EFBC}") = "ClassPractice", "ClassPractice\ClassPractice.csproj", "{3938EF99-DBB3-4CD5-A26F-B1609414D7A6}"
EndProject
Global
	GlobalSection(SolutionConfigurationPlatforms) = preSolution
		Debug|Any CPU = Debug|Any CPU
		Release|Any CPU = Release|Any CPU
	EndGlobalSection
	GlobalSection(ProjectConfigurationPlatforms) = postSolution
		{3938EF99-DBB3-4CD5-A26F-B1609414D7A6}.Debug|Any CPU.ActiveCfg = Debug|Any CPU
		{3938EF99-DBB3-4CD5-A26F-B1609414D7A6}.Debug|Any CPU.Build.0 = Debug|Any CPU
		{3938EF99-DBB3-4CD5-A26F-B1609414D7A6}.Release|Any CPU.ActiveCfg = Release|Any CPU
		{3938EF99-DBB3-4CD5-A26F-B1609414D7A6}.Release|Any CPU.Build.0 = Release|Any CPU
	EndGlobalSection
	GlobalSection(SolutionProperties) = preSolution
		HideSolutionNode = FALSE
	EndGlobalSection
	GlobalSection(ExtensibilityGlobals) = postSolution
		SolutionGuid = {0FEB0045-3E8A-472E-B121-9860164B0856}
	EndGlobalSection
EndGlobal
